Microsoft Visual Studio Solution File, Format Version 12.00
# Visual Studio Version 17
VisualStudioVersion = 17.5.2.0
MinimumVisualStudioVersion = 10.0.40219.1
Project("{2150E333-8FDC-42A3-9474-1A3956D46DE8}") = ".help", ".help", "{705106E4-CF15-4210-F966-4B49017CB66C}"
EndProject
Project("{2150E333-8FDC-42A3-9474-1A3956D46DE8}") = ".sources", ".sources", "{705832ED-D48B-F8B4-B963-ACEE1C08E222}"
EndProject
Project("{2150E333-8FDC-42A3-9474-1A3956D46DE8}") = "WinUI-Gallery-main", "WinUI-Gallery-main", "{686D29DC-5256-F7E1-0609-2C2D18D05A56}"
EndProject
Project("{FAE04EC0-301F-11D3-BF4B-00C04F79EFBC}") = "WinUIGallery", ".help\.sources\WinUI-Gallery-main\WinUIGallery\WinUIGallery.csproj", "{C08F6B33-7E6B-8F98-4B34-0EE1FDEF9D63}"
EndProject
Global
	GlobalSection(SolutionConfigurationPlatforms) = preSolution
		Debug|Any CPU = Debug|Any CPU
		Release|Any CPU = Release|Any CPU
	EndGlobalSection
	GlobalSection(ProjectConfigurationPlatforms) = postSolution
		{C08F6B33-7E6B-8F98-4B34-0EE1FDEF9D63}.Debug|Any CPU.ActiveCfg = Debug|Any CPU
		{C08F6B33-7E6B-8F98-4B34-0EE1FDEF9D63}.Debug|Any CPU.Build.0 = Debug|Any CPU
		{C08F6B33-7E6B-8F98-4B34-0EE1FDEF9D63}.Release|Any CPU.ActiveCfg = Release|Any CPU
		{C08F6B33-7E6B-8F98-4B34-0EE1FDEF9D63}.Release|Any CPU.Build.0 = Release|Any CPU
	EndGlobalSection
	GlobalSection(SolutionProperties) = preSolution
		HideSolutionNode = FALSE
	EndGlobalSection
	GlobalSection(NestedProjects) = preSolution
		{705832ED-D48B-F8B4-B963-ACEE1C08E222} = {705106E4-CF15-4210-F966-4B49017CB66C}
		{686D29DC-5256-F7E1-0609-2C2D18D05A56} = {705832ED-D48B-F8B4-B963-ACEE1C08E222}
		{C08F6B33-7E6B-8F98-4B34-0EE1FDEF9D63} = {686D29DC-5256-F7E1-0609-2C2D18D05A56}
	EndGlobalSection
	GlobalSection(ExtensibilityGlobals) = postSolution
		SolutionGuid = {8AD6D576-3A02-458B-9655-F2BFC54CDAAA}
	EndGlobalSection
EndGlobal
